
Microsoft Visual Studio Solution File, Format Version 12.00
# Visual Studio Version 17
VisualStudioVersion = 17.5.002.0
MinimumVisualStudioVersion = 10.0.40219.1
Project("{9A19103F-16F7-4668-BE54-9A1E7A4F7556}") = "option-pattern-in-asp-net-core-8.0", "option-pattern-in-asp-net-core-8.0.csproj", "{F9F87B75-2B86-4C49-9D89-066348F59B14}"
EndProject
Global
	GlobalSection(SolutionConfigurationPlatforms) = preSolution
		Debug|Any CPU = Debug|Any CPU
		Release|Any CPU = Release|Any CPU
	EndGlobalSection
	GlobalSection(ProjectConfigurationPlatforms) = postSolution
		{F9F87B75-2B86-4C49-9D89-066348F59B14}.Debug|Any CPU.ActiveCfg = Debug|Any CPU
		{F9F87B75-2B86-4C49-9D89-066348F59B14}.Debug|Any CPU.Build.0 = Debug|Any CPU
		{F9F87B75-2B86-4C49-9D89-066348F59B14}.Release|Any CPU.ActiveCfg = Release|Any CPU
		{F9F87B75-2B86-4C49-9D89-066348F59B14}.Release|Any CPU.Build.0 = Release|Any CPU
	EndGlobalSection
	GlobalSection(SolutionProperties) = preSolution
		HideSolutionNode = FALSE
	EndGlobalSection
	GlobalSection(ExtensibilityGlobals) = postSolution
		SolutionGuid = {96A25126-810B-4156-9890-75A1A5B86769}
	EndGlobalSection
EndGlobal
